
Microsoft Visual Studio Solution File, Format Version 12.00
# Visual Studio Version 17
VisualStudioVersion = 17.13.35931.197 d17.13
MinimumVisualStudioVersion = 10.0.40219.1
Project("{FAE04EC0-301F-11D3-BF4B-00C04F79EFBC}") = "SeriesAnalyzer", "SeriesAnalyzer\SeriesAnalyzer.csproj", "{F82C024A-5C67-4FCC-AC01-A99DEB758622}"
EndProject
Global
	GlobalSection(SolutionConfigurationPlatforms) = preSolution
		Debug|Any CPU = Debug|Any CPU
		Release|Any CPU = Release|Any CPU
	EndGlobalSection
	GlobalSection(ProjectConfigurationPlatforms) = postSolution
		{F82C024A-5C67-4FCC-AC01-A99DEB758622}.Debug|Any CPU.ActiveCfg = Debug|Any CPU
		{F82C024A-5C67-4FCC-AC01-A99DEB758622}.Debug|Any CPU.Build.0 = Debug|Any CPU
		{F82C024A-5C67-4FCC-AC01-A99DEB758622}.Release|Any CPU.ActiveCfg = Release|Any CPU
		{F82C024A-5C67-4FCC-AC01-A99DEB758622}.Release|Any CPU.Build.0 = Release|Any CPU
	EndGlobalSection
	GlobalSection(SolutionProperties) = preSolution
		HideSolutionNode = FALSE
	EndGlobalSection
	GlobalSection(ExtensibilityGlobals) = postSolution
		SolutionGuid = {ADFFC447-BB87-4B63-9728-28E3240D779B}
	EndGlobalSection
EndGlobal
